
Microsoft Visual Studio Solution File, Format Version 12.00
# Visual Studio Version 16
VisualStudioVersion = 16.0.30804.86
MinimumVisualStudioVersion = 10.0.40219.1
Project("{FAE04EC0-301F-11D3-BF4B-00C04F79EFBC}") = "TextEditor", "TextEditor.csproj", "{4A061498-DC06-4E21-8BED-2758D072C632}"
EndProject
Project("{FAE04EC0-301F-11D3-BF4B-00C04F79EFBC}") = "TextEditor.BL", "..\TextEditor.BL\TextEditor.BL.csproj", "{A038389A-2FFD-4669-9D59-4560539D3D44}"
EndProject
Global
	GlobalSection(SolutionConfigurationPlatforms) = preSolution
		Debug|Any CPU = Debug|Any CPU
		Release|Any CPU = Release|Any CPU
	EndGlobalSection
	GlobalSection(ProjectConfigurationPlatforms) = postSolution
		{4A061498-DC06-4E21-8BED-2758D072C632}.Debug|Any CPU.ActiveCfg = Debug|Any CPU
		{4A061498-DC06-4E21-8BED-2758D072C632}.Debug|Any CPU.Build.0 = Debug|Any CPU
		{4A061498-DC06-4E21-8BED-2758D072C632}.Release|Any CPU.ActiveCfg = Release|Any CPU
		{4A061498-DC06-4E21-8BED-2758D072C632}.Release|Any CPU.Build.0 = Release|Any CPU
		{A038389A-2FFD-4669-9D59-4560539D3D44}.Debug|Any CPU.ActiveCfg = Debug|Any CPU
		{A038389A-2FFD-4669-9D59-4560539D3D44}.Debug|Any CPU.Build.0 = Debug|Any CPU
		{A038389A-2FFD-4669-9D59-4560539D3D44}.Release|Any CPU.ActiveCfg = Release|Any CPU
		{A038389A-2FFD-4669-9D59-4560539D3D44}.Release|Any CPU.Build.0 = Release|Any CPU
	EndGlobalSection
	GlobalSection(SolutionProperties) = preSolution
		HideSolutionNode = FALSE
	EndGlobalSection
	GlobalSection(ExtensibilityGlobals) = postSolution
		SolutionGuid = {F0FBA3D9-8224-4D6D-8FE8-EB29BDFA5A9D}
	EndGlobalSection
EndGlobal
